{
  "version": "5",
  "specifiers": {
    "jsr:@marianmeres/item-collection@^1.2.11": "1.2.11",
    "jsr:@marianmeres/pubsub@2": "2.0.0",
    "jsr:@marianmeres/searchable@^2.0.6": "2.0.6",
    "jsr:@std/assert@1": "1.0.13",
    "jsr:@std/cli@^1.0.17": "1.0.17",
    "jsr:@std/fs@^1.0.17": "1.0.17",
    "jsr:@std/internal@^1.0.6": "1.0.6",
    "jsr:@std/path@^1.0.9": "1.0.9",
    "npm:dotenv@*": "16.5.0",
    "npm:dotenv@^16.5.0": "16.5.0",
    "npm:pg@*": "8.15.6",
    "npm:pg@^8.15.6": "8.15.6"
  },
  "jsr": {
    "@marianmeres/item-collection@1.2.11": {
      "integrity": "e245f1a14d50541bb5e77a380786d329385ed6712736bea0f6d0e119edf69751",
      "dependencies": [
        "jsr:@marianmeres/pubsub",
        "jsr:@marianmeres/searchable"
      ]
    },
    "@marianmeres/pubsub@2.0.0": {
      "integrity": "82c0fdda9a5b4a5938202fa2fc65e9f0a7da1a6477fca3c2a9b31d17c691aeb1"
    },
    "@marianmeres/searchable@2.0.6": {
      "integrity": "fc8bc31ee7441bac4e93ce03077d7b149393095e48bc3ce9769b325ad1bcf517"
    },
    "@std/assert@1.0.13": {
      "integrity": "ae0d31e41919b12c656c742b22522c32fb26ed0cba32975cb0de2a273cb68b29",
      "dependencies": [
        "jsr:@std/internal"
      ]
    },
    "@std/cli@1.0.17": {
      "integrity": "e15b9abe629e17be90cc6216327f03a29eae613365f1353837fa749aad29ce7b"
    },
    "@std/fs@1.0.17": {
      "integrity": "1c00c632677c1158988ef7a004cb16137f870aafdb8163b9dce86ec652f3952b",
      "dependencies": [
        "jsr:@std/path"
      ]
    },
    "@std/internal@1.0.6": {
      "integrity": "9533b128f230f73bd209408bb07a4b12f8d4255ab2a4d22a1fd6d87304aca9a4"
    },
    "@std/path@1.0.9": {
      "integrity": "260a49f11edd3db93dd38350bf9cd1b4d1366afa98e81b86167b4e3dd750129e"
    }
  },
  "npm": {
    "dotenv@16.5.0": {
      "integrity": "sha512-m/C+AwOAr9/W1UOIZUo232ejMNnJAJtYQjUbHoNTBNTJSvqzzDh7vnrei3o3r3m9blf6ZoDkvcw0VmozNRFJxg=="
    },
    "pg-cloudflare@1.2.5": {
      "integrity": "sha512-OOX22Vt0vOSRrdoUPKJ8Wi2OpE/o/h9T8X1s4qSkCedbNah9ei2W2765be8iMVxQUsvgT7zIAT2eIa9fs5+vtg=="
    },
    "pg-connection-string@2.8.5": {
      "integrity": "sha512-Ni8FuZ8yAF+sWZzojvtLE2b03cqjO5jNULcHFfM9ZZ0/JXrgom5pBREbtnAw7oxsxJqHw9Nz/XWORUEL3/IFow=="
    },
    "pg-int8@1.0.1": {
      "integrity": "sha512-WCtabS6t3c8SkpDBUlb1kjOs7l66xsGdKpIPZsg4wR+B3+u9UAum2odSsF9tnvxg80h4ZxLWMy4pRjOsFIqQpw=="
    },
    "pg-pool@3.9.6_pg@8.15.6": {
      "integrity": "sha512-rFen0G7adh1YmgvrmE5IPIqbb+IgEzENUm+tzm6MLLDSlPRoZVhzU1WdML9PV2W5GOdRA9qBKURlbt1OsXOsPw==",
      "dependencies": [
        "pg"
      ]
    },
    "pg-protocol@1.9.5": {
      "integrity": "sha512-DYTWtWpfd5FOro3UnAfwvhD8jh59r2ig8bPtc9H8Ds7MscE/9NYruUQWFAOuraRl29jwcT2kyMFQ3MxeaVjUhg=="
    },
    "pg-types@2.2.0": {
      "integrity": "sha512-qTAAlrEsl8s4OiEQY69wDvcMIdQN6wdz5ojQiOy6YRMuynxenON0O5oCpJI6lshc6scgAY8qvJ2On/p+CXY0GA==",
      "dependencies": [
        "pg-int8",
        "postgres-array",
        "postgres-bytea",
        "postgres-date",
        "postgres-interval"
      ]
    },
    "pg@8.15.6": {
      "integrity": "sha512-yvao7YI3GdmmrslNVsZgx9PfntfWrnXwtR+K/DjI0I/sTKif4Z623um+sjVZ1hk5670B+ODjvHDAckKdjmPTsg==",
      "dependencies": [
        "pg-connection-string",
        "pg-pool",
        "pg-protocol",
        "pg-types",
        "pgpass"
      ],
      "optionalDependencies": [
        "pg-cloudflare"
      ]
    },
    "pgpass@1.0.5": {
      "integrity": "sha512-FdW9r/jQZhSeohs1Z3sI1yxFQNFvMcnmfuj4WBMUTxOrAyLMaTcE1aAMBiTlbMNaXvBCQuVi0R7hd8udDSP7ug==",
      "dependencies": [
        "split2"
      ]
    },
    "postgres-array@2.0.0": {
      "integrity": "sha512-VpZrUqU5A69eQyW2c5CA1jtLecCsN2U/bD6VilrFDWq5+5UIEVO7nazS3TEcHf1zuPYO/sqGvUvW62g86RXZuA=="
    },
    "postgres-bytea@1.0.0": {
      "integrity": "sha512-xy3pmLuQqRBZBXDULy7KbaitYqLcmxigw14Q5sj8QBVLqEwXfeybIKVWiqAXTlcvdvb0+xkOtDbfQMOf4lST1w=="
    },
    "postgres-date@1.0.7": {
      "integrity": "sha512-suDmjLVQg78nMK2UZ454hAG+OAW+HQPZ6n++TNDUX+L0+uUlLywnoxJKDou51Zm+zTCjrCl0Nq6J9C5hP9vK/Q=="
    },
    "postgres-interval@1.2.0": {
      "integrity": "sha512-9ZhXKM/rw350N1ovuWHbGxnGh/SNJ4cnxHiM0rxE4VN41wsg8P8zWn9hv/buK00RP4WvlOyr/RBDiptyxVbkZQ==",
      "dependencies": [
        "xtend"
      ]
    },
    "split2@4.2.0": {
      "integrity": "sha512-UcjcJOWknrNkF6PLX83qcHM6KHgVKNkV62Y8a5uYDVv9ydGQVwAHMKqHdJje1VTWpljG0WYpCDhrCdAOYH4TWg=="
    },
    "xtend@4.0.2": {
      "integrity": "sha512-LKYU1iAXJXUgAXn9URjiu+MWhyUXHsvfp7mcuYm9dSUKK0/CjtrUwFAxD82/mCWbtLsGjFIad0wIsod4zrTAEQ=="
    }
  },
  "workspace": {
    "dependencies": [
      "jsr:@marianmeres/item-collection@^1.2.11",
      "jsr:@std/assert@1",
      "jsr:@std/cli@^1.0.17",
      "jsr:@std/fs@^1.0.17",
      "jsr:@std/path@^1.0.9",
      "npm:dotenv@^16.5.0",
      "npm:pg@^8.15.6"
    ]
  }
}
